
Microsoft Visual Studio Solution File, Format Version 12.00
# Visual Studio Version 16
VisualStudioVersion = 16.0.30128.74
MinimumVisualStudioVersion = 15.0.26124.0
Project("{2150E333-8FDC-42A3-9474-1A3956D46DE8}") = "src", "src", "{EF4335F2-25CD-4531-B58B-4D6B0BF69942}"
EndProject
Project("{9A19103F-16F7-4668-BE54-9A1E7A4F7556}") = "Core", "src\Core\Core.csproj", "{3F3BA0B6-C0D6-4283-B2A7-3DEA732BBD62}"
EndProject
Project("{2150E333-8FDC-42A3-9474-1A3956D46DE8}") = "composer", "composer", "{D41F1E0B-7CE0-4FF1-AD76-7EB96E901EA6}"
EndProject
Project("{9A19103F-16F7-4668-BE54-9A1E7A4F7556}") = "GitClone", "composer\GitClone\GitClone.csproj", "{F893E875-B4DB-4914-93B5-CB44C572E8B2}"
EndProject
Project("{2150E333-8FDC-42A3-9474-1A3956D46DE8}") = "client", "client", "{767843A0-395A-4B09-B5FA-703302FD70E8}"
EndProject
Project("{9A19103F-16F7-4668-BE54-9A1E7A4F7556}") = "cli", "client\cli\cli.csproj", "{4E176C63-ED1B-4C4D-93DE-65485A62AAC0}"
EndProject
Project("{9A19103F-16F7-4668-BE54-9A1E7A4F7556}") = "Script", "composer\Script\Script.csproj", "{A0832EFB-7389-4BC4-8228-D2446FADA6D5}"
EndProject
Project("{FAE04EC0-301F-11D3-BF4B-00C04F79EFBC}") = "Config.Yaml", "src\Config.Yaml\Config.Yaml.csproj", "{B83CC194-5F69-4298-A681-4A4381794E5F}"
EndProject
Global
	GlobalSection(SolutionConfigurationPlatforms) = preSolution
		Debug|Any CPU = Debug|Any CPU
		Debug|x64 = Debug|x64
		Debug|x86 = Debug|x86
		Release|Any CPU = Release|Any CPU
		Release|x64 = Release|x64
		Release|x86 = Release|x86
	EndGlobalSection
	GlobalSection(ProjectConfigurationPlatforms) = postSolution
		{3F3BA0B6-C0D6-4283-B2A7-3DEA732BBD62}.Debug|Any CPU.ActiveCfg = Debug|Any CPU
		{3F3BA0B6-C0D6-4283-B2A7-3DEA732BBD62}.Debug|Any CPU.Build.0 = Debug|Any CPU
		{3F3BA0B6-C0D6-4283-B2A7-3DEA732BBD62}.Debug|x64.ActiveCfg = Debug|Any CPU
		{3F3BA0B6-C0D6-4283-B2A7-3DEA732BBD62}.Debug|x64.Build.0 = Debug|Any CPU
		{3F3BA0B6-C0D6-4283-B2A7-3DEA732BBD62}.Debug|x86.ActiveCfg = Debug|Any CPU
		{3F3BA0B6-C0D6-4283-B2A7-3DEA732BBD62}.Debug|x86.Build.0 = Debug|Any CPU
		{3F3BA0B6-C0D6-4283-B2A7-3DEA732BBD62}.Release|Any CPU.ActiveCfg = Release|Any CPU
		{3F3BA0B6-C0D6-4283-B2A7-3DEA732BBD62}.Release|Any CPU.Build.0 = Release|Any CPU
		{3F3BA0B6-C0D6-4283-B2A7-3DEA732BBD62}.Release|x64.ActiveCfg = Release|Any CPU
		{3F3BA0B6-C0D6-4283-B2A7-3DEA732BBD62}.Release|x64.Build.0 = Release|Any CPU
		{3F3BA0B6-C0D6-4283-B2A7-3DEA732BBD62}.Release|x86.ActiveCfg = Release|Any CPU
		{3F3BA0B6-C0D6-4283-B2A7-3DEA732BBD62}.Release|x86.Build.0 = Release|Any CPU
		{F893E875-B4DB-4914-93B5-CB44C572E8B2}.Debug|Any CPU.ActiveCfg = Debug|Any CPU
		{F893E875-B4DB-4914-93B5-CB44C572E8B2}.Debug|Any CPU.Build.0 = Debug|Any CPU
		{F893E875-B4DB-4914-93B5-CB44C572E8B2}.Debug|x64.ActiveCfg = Debug|Any CPU
		{F893E875-B4DB-4914-93B5-CB44C572E8B2}.Debug|x64.Build.0 = Debug|Any CPU
		{F893E875-B4DB-4914-93B5-CB44C572E8B2}.Debug|x86.ActiveCfg = Debug|Any CPU
		{F893E875-B4DB-4914-93B5-CB44C572E8B2}.Debug|x86.Build.0 = Debug|Any CPU
		{F893E875-B4DB-4914-93B5-CB44C572E8B2}.Release|Any CPU.ActiveCfg = Release|Any CPU
		{F893E875-B4DB-4914-93B5-CB44C572E8B2}.Release|Any CPU.Build.0 = Release|Any CPU
		{F893E875-B4DB-4914-93B5-CB44C572E8B2}.Release|x64.ActiveCfg = Release|Any CPU
		{F893E875-B4DB-4914-93B5-CB44C572E8B2}.Release|x64.Build.0 = Release|Any CPU
		{F893E875-B4DB-4914-93B5-CB44C572E8B2}.Release|x86.ActiveCfg = Release|Any CPU
		{F893E875-B4DB-4914-93B5-CB44C572E8B2}.Release|x86.Build.0 = Release|Any CPU
		{4E176C63-ED1B-4C4D-93DE-65485A62AAC0}.Debug|Any CPU.ActiveCfg = Debug|Any CPU
		{4E176C63-ED1B-4C4D-93DE-65485A62AAC0}.Debug|Any CPU.Build.0 = Debug|Any CPU
		{4E176C63-ED1B-4C4D-93DE-65485A62AAC0}.Debug|x64.ActiveCfg = Debug|Any CPU
		{4E176C63-ED1B-4C4D-93DE-65485A62AAC0}.Debug|x64.Build.0 = Debug|Any CPU
		{4E176C63-ED1B-4C4D-93DE-65485A62AAC0}.Debug|x86.ActiveCfg = Debug|Any CPU
		{4E176C63-ED1B-4C4D-93DE-65485A62AAC0}.Debug|x86.Build.0 = Debug|Any CPU
		{4E176C63-ED1B-4C4D-93DE-65485A62AAC0}.Release|Any CPU.ActiveCfg = Release|Any CPU
		{4E176C63-ED1B-4C4D-93DE-65485A62AAC0}.Release|Any CPU.Build.0 = Release|Any CPU
		{4E176C63-ED1B-4C4D-93DE-65485A62AAC0}.Release|x64.ActiveCfg = Release|Any CPU
		{4E176C63-ED1B-4C4D-93DE-65485A62AAC0}.Release|x64.Build.0 = Release|Any CPU
		{4E176C63-ED1B-4C4D-93DE-65485A62AAC0}.Release|x86.ActiveCfg = Release|Any CPU
		{4E176C63-ED1B-4C4D-93DE-65485A62AAC0}.Release|x86.Build.0 = Release|Any CPU
		{A0832EFB-7389-4BC4-8228-D2446FADA6D5}.Debug|Any CPU.ActiveCfg = Debug|Any CPU
		{A0832EFB-7389-4BC4-8228-D2446FADA6D5}.Debug|Any CPU.Build.0 = Debug|Any CPU
		{A0832EFB-7389-4BC4-8228-D2446FADA6D5}.Debug|x64.ActiveCfg = Debug|Any CPU
		{A0832EFB-7389-4BC4-8228-D2446FADA6D5}.Debug|x64.Build.0 = Debug|Any CPU
		{A0832EFB-7389-4BC4-8228-D2446FADA6D5}.Debug|x86.ActiveCfg = Debug|Any CPU
		{A0832EFB-7389-4BC4-8228-D2446FADA6D5}.Debug|x86.Build.0 = Debug|Any CPU
		{A0832EFB-7389-4BC4-8228-D2446FADA6D5}.Release|Any CPU.ActiveCfg = Release|Any CPU
		{A0832EFB-7389-4BC4-8228-D2446FADA6D5}.Release|Any CPU.Build.0 = Release|Any CPU
		{A0832EFB-7389-4BC4-8228-D2446FADA6D5}.Release|x64.ActiveCfg = Release|Any CPU
		{A0832EFB-7389-4BC4-8228-D2446FADA6D5}.Release|x64.Build.0 = Release|Any CPU
		{A0832EFB-7389-4BC4-8228-D2446FADA6D5}.Release|x86.ActiveCfg = Release|Any CPU
		{A0832EFB-7389-4BC4-8228-D2446FADA6D5}.Release|x86.Build.0 = Release|Any CPU
		{B83CC194-5F69-4298-A681-4A4381794E5F}.Debug|Any CPU.ActiveCfg = Debug|Any CPU
		{B83CC194-5F69-4298-A681-4A4381794E5F}.Debug|Any CPU.Build.0 = Debug|Any CPU
		{B83CC194-5F69-4298-A681-4A4381794E5F}.Debug|x64.ActiveCfg = Debug|Any CPU
		{B83CC194-5F69-4298-A681-4A4381794E5F}.Debug|x64.Build.0 = Debug|Any CPU
		{B83CC194-5F69-4298-A681-4A4381794E5F}.Debug|x86.ActiveCfg = Debug|Any CPU
		{B83CC194-5F69-4298-A681-4A4381794E5F}.Debug|x86.Build.0 = Debug|Any CPU
		{B83CC194-5F69-4298-A681-4A4381794E5F}.Release|Any CPU.ActiveCfg = Release|Any CPU
		{B83CC194-5F69-4298-A681-4A4381794E5F}.Release|Any CPU.Build.0 = Release|Any CPU
		{B83CC194-5F69-4298-A681-4A4381794E5F}.Release|x64.ActiveCfg = Release|Any CPU
		{B83CC194-5F69-4298-A681-4A4381794E5F}.Release|x64.Build.0 = Release|Any CPU
		{B83CC194-5F69-4298-A681-4A4381794E5F}.Release|x86.ActiveCfg = Release|Any CPU
		{B83CC194-5F69-4298-A681-4A4381794E5F}.Release|x86.Build.0 = Release|Any CPU
	EndGlobalSection
	GlobalSection(SolutionProperties) = preSolution
		HideSolutionNode = FALSE
	EndGlobalSection
	GlobalSection(NestedProjects) = preSolution
		{3F3BA0B6-C0D6-4283-B2A7-3DEA732BBD62} = {EF4335F2-25CD-4531-B58B-4D6B0BF69942}
		{F893E875-B4DB-4914-93B5-CB44C572E8B2} = {D41F1E0B-7CE0-4FF1-AD76-7EB96E901EA6}
		{4E176C63-ED1B-4C4D-93DE-65485A62AAC0} = {767843A0-395A-4B09-B5FA-703302FD70E8}
		{A0832EFB-7389-4BC4-8228-D2446FADA6D5} = {D41F1E0B-7CE0-4FF1-AD76-7EB96E901EA6}
		{B83CC194-5F69-4298-A681-4A4381794E5F} = {EF4335F2-25CD-4531-B58B-4D6B0BF69942}
	EndGlobalSection
	GlobalSection(ExtensibilityGlobals) = postSolution
		SolutionGuid = {BBD3DF26-242C-406B-B792-3EBE0C251443}
	EndGlobalSection
EndGlobal
